
Microsoft Visual Studio Solution File, Format Version 12.00
Project("{FAE04EC0-301F-11D3-BF4B-00C04F79EFBC}") = "VitalRouter.SourceGenerator", "VitalRouter.SourceGenerator\VitalRouter.SourceGenerator.csproj", "{1E429509-F841-48F1-A111-5D0CD35707CC}"
EndProject
Project("{FAE04EC0-301F-11D3-BF4B-00C04F79EFBC}") = "VitalRouter", "VitalRouter\VitalRouter.csproj", "{DD9A5ED8-8B7E-4F41-BDB6-67294C5752D9}"
EndProject
Project("{FAE04EC0-301F-11D3-BF4B-00C04F79EFBC}") = "VitalRouter.Tests", "VitalRouter.Tests\VitalRouter.Tests.csproj", "{A7FF360B-BC95-4EDD-8905-6B39592840B3}"
EndProject
Project("{FAE04EC0-301F-11D3-BF4B-00C04F79EFBC}") = "VitalRouter.Extensions.Hosting", "VitalRouter.Extensions.Hosting\VitalRouter.Extensions.Hosting.csproj", "{1365D528-90A8-432A-8D5C-8C4C034A1245}"
EndProject
Global
	GlobalSection(SolutionConfigurationPlatforms) = preSolution
		Debug|Any CPU = Debug|Any CPU
		Release|Any CPU = Release|Any CPU
	EndGlobalSection
	GlobalSection(ProjectConfigurationPlatforms) = postSolution
		{1E429509-F841-48F1-A111-5D0CD35707CC}.Debug|Any CPU.ActiveCfg = Debug|Any CPU
		{1E429509-F841-48F1-A111-5D0CD35707CC}.Debug|Any CPU.Build.0 = Debug|Any CPU
		{1E429509-F841-48F1-A111-5D0CD35707CC}.Release|Any CPU.ActiveCfg = Release|Any CPU
		{1E429509-F841-48F1-A111-5D0CD35707CC}.Release|Any CPU.Build.0 = Release|Any CPU
		{DD9A5ED8-8B7E-4F41-BDB6-67294C5752D9}.Debug|Any CPU.ActiveCfg = Debug|Any CPU
		{DD9A5ED8-8B7E-4F41-BDB6-67294C5752D9}.Debug|Any CPU.Build.0 = Debug|Any CPU
		{DD9A5ED8-8B7E-4F41-BDB6-67294C5752D9}.Release|Any CPU.ActiveCfg = Release|Any CPU
		{DD9A5ED8-8B7E-4F41-BDB6-67294C5752D9}.Release|Any CPU.Build.0 = Release|Any CPU
		{A7FF360B-BC95-4EDD-8905-6B39592840B3}.Debug|Any CPU.ActiveCfg = Debug|Any CPU
		{A7FF360B-BC95-4EDD-8905-6B39592840B3}.Debug|Any CPU.Build.0 = Debug|Any CPU
		{A7FF360B-BC95-4EDD-8905-6B39592840B3}.Release|Any CPU.ActiveCfg = Release|Any CPU
		{A7FF360B-BC95-4EDD-8905-6B39592840B3}.Release|Any CPU.Build.0 = Release|Any CPU
		{1365D528-90A8-432A-8D5C-8C4C034A1245}.Debug|Any CPU.ActiveCfg = Debug|Any CPU
		{1365D528-90A8-432A-8D5C-8C4C034A1245}.Debug|Any CPU.Build.0 = Debug|Any CPU
		{1365D528-90A8-432A-8D5C-8C4C034A1245}.Release|Any CPU.ActiveCfg = Release|Any CPU
		{1365D528-90A8-432A-8D5C-8C4C034A1245}.Release|Any CPU.Build.0 = Release|Any CPU
	EndGlobalSection
EndGlobal
